{
  "version": 4,
  "terraform_version": "1.7.4",
  "serial": 3,
  "lineage": "ccd8c15e-a5ff-5e00-1db5-8bccb5a90378",
  "outputs": {},
  "resources": [
    {
      "mode": "managed",
      "type": "azurerm_resource_group",
      "name": "example",
      "provider": "provider[\"registry.terraform.io/hashicorp/azurerm\"]",
      "instances": [
        {
          "schema_version": 0,
          "attributes": {
            "id": "/subscriptions/9e3ea43a-cb7f-47ce-ac5b-a8e94dd3bfe1/resourceGroups/IAC_Group",
            "location": "eastus2",
            "managed_by": "",
            "name": "IAC_Group",
            "tags": {},
            "timeouts": null
          },
          "sensitive_attributes": [],
          "private": "eyJlMmJmYjczMC1lY2FhLTExZTYtOGY4OC0zNDM2M2JjN2M0YzAiOnsiY3JlYXRlIjo1NDAwMDAwMDAwMDAwLCJkZWxldGUiOjU0MDAwMDAwMDAwMDAsInJlYWQiOjMwMDAwMDAwMDAwMCwidXBkYXRlIjo1NDAwMDAwMDAwMDAwfX0="
        }
      ]
    },
    {
      "mode": "managed",
      "type": "azurerm_static_web_app",
      "name": "web_app",
      "provider": "provider[\"registry.terraform.io/hashicorp/azurerm\"]",
      "instances": [
        {
          "schema_version": 0,
          "attributes": {
            "api_key": "303935725b5e9545a6388e41d258efb66758e25eef604ab45114ed9bb9efc25f5-a326d6cd-e9da-4b39-9db5-cf4f2831ccdb00f182254",
            "app_settings": null,
            "basic_auth": [],
            "configuration_file_changes_enabled": true,
            "default_host_name": "agreeable-hill-07838c70f.5.azurestaticapps.net",
            "id": "/subscriptions/9e3ea43a-cb7f-47ce-ac5b-a8e94dd3bfe1/resourceGroups/IAC_Group/providers/Microsoft.Web/staticSites/GuessMyNumberApp",
            "identity": [],
            "location": "eastus2",
            "name": "GuessMyNumberApp",
            "preview_environments_enabled": true,
            "resource_group_name": "IAC_Group",
            "sku_size": "Free",
            "sku_tier": "Free",
            "tags": null,
            "timeouts": null
          },
          "sensitive_attributes": [],
          "private": "eyJlMmJmYjczMC1lY2FhLTExZTYtOGY4OC0zNDM2M2JjN2M0YzAiOnsiY3JlYXRlIjoxODAwMDAwMDAwMDAwLCJkZWxldGUiOjE4MDAwMDAwMDAwMDAsInJlYWQiOjMwMDAwMDAwMDAwMCwidXBkYXRlIjoxODAwMDAwMDAwMDAwfX0=",
          "dependencies": [
            "azurerm_resource_group.example"
          ]
        }
      ]
    }
  ],
  "check_results": null
}
